
Microsoft Visual Studio Solution File, Format Version 12.00
# Visual Studio 14
VisualStudioVersion = 14.0.25420.1
MinimumVisualStudioVersion = 10.0.40219.1
Project("{FAE04EC0-301F-11D3-BF4B-00C04F79EFBC}") = "JsonConfig.Core", "JsonConfig.Core\JsonConfig.Core.csproj", "{5228A86C-803A-4540-AA67-E1117C989FEF}"
EndProject
Project("{FAE04EC0-301F-11D3-BF4B-00C04F79EFBC}") = "JsonConfig.Demo", "JsonConfig.Demo\JsonConfig.Demo.csproj", "{50545AB4-0EF2-4E04-AD62-7CE3276CA9CD}"
EndProject
Global
	GlobalSection(SolutionConfigurationPlatforms) = preSolution
		Debug|Any CPU = Debug|Any CPU
		Release|Any CPU = Release|Any CPU
	EndGlobalSection
	GlobalSection(ProjectConfigurationPlatforms) = postSolution
		{5228A86C-803A-4540-AA67-E1117C989FEF}.Debug|Any CPU.ActiveCfg = Debug|Any CPU
		{5228A86C-803A-4540-AA67-E1117C989FEF}.Debug|Any CPU.Build.0 = Debug|Any CPU
		{5228A86C-803A-4540-AA67-E1117C989FEF}.Release|Any CPU.ActiveCfg = Release|Any CPU
		{5228A86C-803A-4540-AA67-E1117C989FEF}.Release|Any CPU.Build.0 = Release|Any CPU
		{50545AB4-0EF2-4E04-AD62-7CE3276CA9CD}.Debug|Any CPU.ActiveCfg = Debug|Any CPU
		{50545AB4-0EF2-4E04-AD62-7CE3276CA9CD}.Debug|Any CPU.Build.0 = Debug|Any CPU
		{50545AB4-0EF2-4E04-AD62-7CE3276CA9CD}.Release|Any CPU.ActiveCfg = Release|Any CPU
		{50545AB4-0EF2-4E04-AD62-7CE3276CA9CD}.Release|Any CPU.Build.0 = Release|Any CPU
	EndGlobalSection
	GlobalSection(SolutionProperties) = preSolution
		HideSolutionNode = FALSE
	EndGlobalSection
EndGlobal
